
Microsoft Visual Studio Solution File, Format Version 12.00
# Visual Studio Version 17
VisualStudioVersion = 17.1.32421.90
MinimumVisualStudioVersion = 10.0.40219.1
Project("{FAE04EC0-301F-11D3-BF4B-00C04F79EFBC}") = "DesignPattern", "DesignPattern\DesignPattern.csproj", "{0E2C6A40-BD7D-4FF4-9D96-61350EC3DD68}"
EndProject
Global
	GlobalSection(SolutionConfigurationPlatforms) = preSolution
		Debug|Any CPU = Debug|Any CPU
		Release|Any CPU = Release|Any CPU
	EndGlobalSection
	GlobalSection(ProjectConfigurationPlatforms) = postSolution
		{0E2C6A40-BD7D-4FF4-9D96-61350EC3DD68}.Debug|Any CPU.ActiveCfg = Debug|Any CPU
		{0E2C6A40-BD7D-4FF4-9D96-61350EC3DD68}.Debug|Any CPU.Build.0 = Debug|Any CPU
		{0E2C6A40-BD7D-4FF4-9D96-61350EC3DD68}.Release|Any CPU.ActiveCfg = Release|Any CPU
		{0E2C6A40-BD7D-4FF4-9D96-61350EC3DD68}.Release|Any CPU.Build.0 = Release|Any CPU
	EndGlobalSection
	GlobalSection(SolutionProperties) = preSolution
		HideSolutionNode = FALSE
	EndGlobalSection
	GlobalSection(ExtensibilityGlobals) = postSolution
		SolutionGuid = {30BF0191-5FC6-45E3-99B0-5FF67A0D14D9}
	EndGlobalSection
EndGlobal
