
Microsoft Visual Studio Solution File, Format Version 12.00
# Visual Studio Version 17
VisualStudioVersion = 17.1.32421.90
MinimumVisualStudioVersion = 10.0.40219.1
Project("{9A19103F-16F7-4668-BE54-9A1E7A4F7556}") = "BellekYonetimi2", "BellekYonetimi2.csproj", "{66722A9D-D2F1-4155-A691-112BDFC2B405}"
EndProject
Global
	GlobalSection(SolutionConfigurationPlatforms) = preSolution
		Debug|Any CPU = Debug|Any CPU
		Release|Any CPU = Release|Any CPU
	EndGlobalSection
	GlobalSection(ProjectConfigurationPlatforms) = postSolution
		{66722A9D-D2F1-4155-A691-112BDFC2B405}.Debug|Any CPU.ActiveCfg = Debug|Any CPU
		{66722A9D-D2F1-4155-A691-112BDFC2B405}.Debug|Any CPU.Build.0 = Debug|Any CPU
		{66722A9D-D2F1-4155-A691-112BDFC2B405}.Release|Any CPU.ActiveCfg = Release|Any CPU
		{66722A9D-D2F1-4155-A691-112BDFC2B405}.Release|Any CPU.Build.0 = Release|Any CPU
	EndGlobalSection
	GlobalSection(SolutionProperties) = preSolution
		HideSolutionNode = FALSE
	EndGlobalSection
	GlobalSection(ExtensibilityGlobals) = postSolution
		SolutionGuid = {B619D0A5-4A28-4414-881E-336D54B47F33}
	EndGlobalSection
EndGlobal
